
Microsoft Visual Studio Solution File, Format Version 12.00
# Visual Studio Version 16
VisualStudioVersion = 16.0.28822.285
MinimumVisualStudioVersion = 15.0.26124.0
Project("{FAE04EC0-301F-11D3-BF4B-00C04F79EFBC}") = "BasicWpf01", "BasicWpf01\BasicWpf01.csproj", "{6FAFF3BE-3E47-4463-87F0-4F3A7E4D3BF0}"
EndProject
Project("{FAE04EC0-301F-11D3-BF4B-00C04F79EFBC}") = "CommonLib", "CommonLib\CommonLib.csproj", "{2927C67D-D077-4C06-89D5-AB4078C8C95B}"
EndProject
Global
	GlobalSection(SolutionConfigurationPlatforms) = preSolution
		Debug|Any CPU = Debug|Any CPU
		Debug|x64 = Debug|x64
		Debug|x86 = Debug|x86
		Release|Any CPU = Release|Any CPU
		Release|x64 = Release|x64
		Release|x86 = Release|x86
	EndGlobalSection
	GlobalSection(ProjectConfigurationPlatforms) = postSolution
		{6FAFF3BE-3E47-4463-87F0-4F3A7E4D3BF0}.Debug|Any CPU.ActiveCfg = Debug|Any CPU
		{6FAFF3BE-3E47-4463-87F0-4F3A7E4D3BF0}.Debug|Any CPU.Build.0 = Debug|Any CPU
		{6FAFF3BE-3E47-4463-87F0-4F3A7E4D3BF0}.Debug|x64.ActiveCfg = Debug|Any CPU
		{6FAFF3BE-3E47-4463-87F0-4F3A7E4D3BF0}.Debug|x64.Build.0 = Debug|Any CPU
		{6FAFF3BE-3E47-4463-87F0-4F3A7E4D3BF0}.Debug|x86.ActiveCfg = Debug|Any CPU
		{6FAFF3BE-3E47-4463-87F0-4F3A7E4D3BF0}.Debug|x86.Build.0 = Debug|Any CPU
		{6FAFF3BE-3E47-4463-87F0-4F3A7E4D3BF0}.Release|Any CPU.ActiveCfg = Release|Any CPU
		{6FAFF3BE-3E47-4463-87F0-4F3A7E4D3BF0}.Release|Any CPU.Build.0 = Release|Any CPU
		{6FAFF3BE-3E47-4463-87F0-4F3A7E4D3BF0}.Release|x64.ActiveCfg = Release|Any CPU
		{6FAFF3BE-3E47-4463-87F0-4F3A7E4D3BF0}.Release|x64.Build.0 = Release|Any CPU
		{6FAFF3BE-3E47-4463-87F0-4F3A7E4D3BF0}.Release|x86.ActiveCfg = Release|Any CPU
		{6FAFF3BE-3E47-4463-87F0-4F3A7E4D3BF0}.Release|x86.Build.0 = Release|Any CPU
		{2927C67D-D077-4C06-89D5-AB4078C8C95B}.Debug|Any CPU.ActiveCfg = Debug|Any CPU
		{2927C67D-D077-4C06-89D5-AB4078C8C95B}.Debug|Any CPU.Build.0 = Debug|Any CPU
		{2927C67D-D077-4C06-89D5-AB4078C8C95B}.Debug|x64.ActiveCfg = Debug|Any CPU
		{2927C67D-D077-4C06-89D5-AB4078C8C95B}.Debug|x64.Build.0 = Debug|Any CPU
		{2927C67D-D077-4C06-89D5-AB4078C8C95B}.Debug|x86.ActiveCfg = Debug|Any CPU
		{2927C67D-D077-4C06-89D5-AB4078C8C95B}.Debug|x86.Build.0 = Debug|Any CPU
		{2927C67D-D077-4C06-89D5-AB4078C8C95B}.Release|Any CPU.ActiveCfg = Release|Any CPU
		{2927C67D-D077-4C06-89D5-AB4078C8C95B}.Release|Any CPU.Build.0 = Release|Any CPU
		{2927C67D-D077-4C06-89D5-AB4078C8C95B}.Release|x64.ActiveCfg = Release|Any CPU
		{2927C67D-D077-4C06-89D5-AB4078C8C95B}.Release|x64.Build.0 = Release|Any CPU
		{2927C67D-D077-4C06-89D5-AB4078C8C95B}.Release|x86.ActiveCfg = Release|Any CPU
		{2927C67D-D077-4C06-89D5-AB4078C8C95B}.Release|x86.Build.0 = Release|Any CPU
	EndGlobalSection
	GlobalSection(SolutionProperties) = preSolution
		HideSolutionNode = FALSE
	EndGlobalSection
	GlobalSection(ExtensibilityGlobals) = postSolution
		SolutionGuid = {5A420287-7C54-4065-9B8A-F013E7463FC8}
	EndGlobalSection
EndGlobal
